# This file is automatically @generated by Poetry 1.6.1 and should not be changed by hand.

[[package]]
name = "evdev"
version = "1.6.1"
description = "Bindings to the Linux input handling subsystem"
optional = false
python-versions = "*"
files = [
    {file = "evdev-1.6.1.tar.gz", hash = "sha256:299db8628cc73b237fc1cc57d3c2948faa0756e2a58b6194b5bf81dc2081f1e3"},
]

[metadata]
lock-version = "2.0"
python-versions = "^3.11"
content-hash = "a03d70cf350049044b96afc2a57926b8c86ba24ecfb9f15c2f414bd0286f4838"
